
Microsoft Visual Studio Solution File, Format Version 12.00
# Visual Studio Version 17
VisualStudioVersion = 17.0.32112.339
MinimumVisualStudioVersion = 10.0.40219.1
Project("{9A19103F-16F7-4668-BE54-9A1E7A4F7556}") = "GameAssets", "GameAssets\GameAssets.csproj", "{FA3F5ACF-9C86-4C28-8855-5C1EB7D915B5}"
EndProject
Project("{9A19103F-16F7-4668-BE54-9A1E7A4F7556}") = "DungeonRun", "DungeonRun\DungeonRun.csproj", "{AF990C19-2062-4AE7-90BA-73B77716FD16}"
	ProjectSection(ProjectDependencies) = postProject
		{FA3F5ACF-9C86-4C28-8855-5C1EB7D915B5} = {FA3F5ACF-9C86-4C28-8855-5C1EB7D915B5}
	EndProjectSection
EndProject
Project("{FAE04EC0-301F-11D3-BF4B-00C04F79EFBC}") = "DungeonRunTests", "DungeonRunTests\DungeonRunTests.csproj", "{DA6E8DC1-36AF-4CEA-AF37-8065A589F078}"
EndProject
Global
	GlobalSection(SolutionConfigurationPlatforms) = preSolution
		Debug|Any CPU = Debug|Any CPU
		Release|Any CPU = Release|Any CPU
	EndGlobalSection
	GlobalSection(ProjectConfigurationPlatforms) = postSolution
		{FA3F5ACF-9C86-4C28-8855-5C1EB7D915B5}.Debug|Any CPU.ActiveCfg = Debug|Any CPU
		{FA3F5ACF-9C86-4C28-8855-5C1EB7D915B5}.Debug|Any CPU.Build.0 = Debug|Any CPU
		{FA3F5ACF-9C86-4C28-8855-5C1EB7D915B5}.Release|Any CPU.ActiveCfg = Release|Any CPU
		{FA3F5ACF-9C86-4C28-8855-5C1EB7D915B5}.Release|Any CPU.Build.0 = Release|Any CPU
		{AF990C19-2062-4AE7-90BA-73B77716FD16}.Debug|Any CPU.ActiveCfg = Debug|Any CPU
		{AF990C19-2062-4AE7-90BA-73B77716FD16}.Debug|Any CPU.Build.0 = Debug|Any CPU
		{AF990C19-2062-4AE7-90BA-73B77716FD16}.Release|Any CPU.ActiveCfg = Release|Any CPU
		{AF990C19-2062-4AE7-90BA-73B77716FD16}.Release|Any CPU.Build.0 = Release|Any CPU
		{DA6E8DC1-36AF-4CEA-AF37-8065A589F078}.Debug|Any CPU.ActiveCfg = Debug|Any CPU
		{DA6E8DC1-36AF-4CEA-AF37-8065A589F078}.Debug|Any CPU.Build.0 = Debug|Any CPU
		{DA6E8DC1-36AF-4CEA-AF37-8065A589F078}.Release|Any CPU.ActiveCfg = Release|Any CPU
		{DA6E8DC1-36AF-4CEA-AF37-8065A589F078}.Release|Any CPU.Build.0 = Release|Any CPU
	EndGlobalSection
	GlobalSection(SolutionProperties) = preSolution
		HideSolutionNode = FALSE
	EndGlobalSection
	GlobalSection(ExtensibilityGlobals) = postSolution
		SolutionGuid = {E38CD12B-F77F-4B6C-827C-ABEBC2A34FFD}
	EndGlobalSection
EndGlobal
